
Microsoft Visual Studio Solution File, Format Version 12.00
# Visual Studio 14
VisualStudioVersion = 14.0.25123.0
MinimumVisualStudioVersion = 10.0.40219.1
Project("{FAE04EC0-301F-11D3-BF4B-00C04F79EFBC}") = "Strings and character encodings", "Strings and character encodings.csproj", "{7E606BC4-5756-4827-AA0B-9977A3C8B6CF}"
EndProject
Project("{FAE04EC0-301F-11D3-BF4B-00C04F79EFBC}") = "UnitTestProject", "..\UnitTestProject\UnitTestProject.csproj", "{D50CD38B-448E-40F1-9847-AC51862B3B3D}"
	ProjectSection(ProjectDependencies) = postProject
		{7E606BC4-5756-4827-AA0B-9977A3C8B6CF} = {7E606BC4-5756-4827-AA0B-9977A3C8B6CF}
	EndProjectSection
EndProject
Global
	GlobalSection(SolutionConfigurationPlatforms) = preSolution
		Debug|Any CPU = Debug|Any CPU
		Release|Any CPU = Release|Any CPU
	EndGlobalSection
	GlobalSection(ProjectConfigurationPlatforms) = postSolution
		{7E606BC4-5756-4827-AA0B-9977A3C8B6CF}.Debug|Any CPU.ActiveCfg = Debug|Any CPU
		{7E606BC4-5756-4827-AA0B-9977A3C8B6CF}.Debug|Any CPU.Build.0 = Debug|Any CPU
		{7E606BC4-5756-4827-AA0B-9977A3C8B6CF}.Release|Any CPU.ActiveCfg = Release|Any CPU
		{7E606BC4-5756-4827-AA0B-9977A3C8B6CF}.Release|Any CPU.Build.0 = Release|Any CPU
		{D50CD38B-448E-40F1-9847-AC51862B3B3D}.Debug|Any CPU.ActiveCfg = Debug|Any CPU
		{D50CD38B-448E-40F1-9847-AC51862B3B3D}.Debug|Any CPU.Build.0 = Debug|Any CPU
		{D50CD38B-448E-40F1-9847-AC51862B3B3D}.Release|Any CPU.ActiveCfg = Release|Any CPU
		{D50CD38B-448E-40F1-9847-AC51862B3B3D}.Release|Any CPU.Build.0 = Release|Any CPU
	EndGlobalSection
	GlobalSection(SolutionProperties) = preSolution
		HideSolutionNode = FALSE
	EndGlobalSection
	GlobalSection(ExtensibilityGlobals) = postSolution
		SolutionGuid = {22B4A74D-AFD1-4415-8CB3-94B91D6D6940}
	EndGlobalSection
EndGlobal
